
Microsoft Visual Studio Solution File, Format Version 12.00
# Visual Studio 14
VisualStudioVersion = 14.0.23107.0
MinimumVisualStudioVersion = 10.0.40219.1
Project("{2150E333-8FDC-42A3-9474-1A3956D46DE8}") = "src", "src", "{E49EE15A-5705-4809-99DE-384A45156714}"
EndProject
Project("{2150E333-8FDC-42A3-9474-1A3956D46DE8}") = "Solution Items", "Solution Items", "{8EF6FEFB-42FA-4B1D-8FE0-D5F2AE358A07}"
	ProjectSection(SolutionItems) = preProject
		global.json = global.json
		NuGet.Config = NuGet.Config
	EndProjectSection
EndProject
Project("{8BB2217D-0F2D-49D1-97BC-3654ED321F3B}") = "Ambiguous.Reference", "src\Ambiguous.Reference\Ambiguous.Reference.xproj", "{71F864D8-266D-44A1-BBC0-703F58C780E2}"
EndProject
Project("{2150E333-8FDC-42A3-9474-1A3956D46DE8}") = "test", "test", "{5C561706-6A3F-45D2-8698-0EA972B3BCE8}"
EndProject
Project("{8BB2217D-0F2D-49D1-97BC-3654ED321F3B}") = "Ambiguous.Reference.Test", "Ambiguous.Reference.Test\Ambiguous.Reference.Test.xproj", "{55680BEF-F4B7-438B-BEAA-EC11B740F189}"
EndProject
Global
	GlobalSection(SolutionConfigurationPlatforms) = preSolution
		Debug|Any CPU = Debug|Any CPU
		Release|Any CPU = Release|Any CPU
	EndGlobalSection
	GlobalSection(ProjectConfigurationPlatforms) = postSolution
		{71F864D8-266D-44A1-BBC0-703F58C780E2}.Debug|Any CPU.ActiveCfg = Debug|Any CPU
		{71F864D8-266D-44A1-BBC0-703F58C780E2}.Debug|Any CPU.Build.0 = Debug|Any CPU
		{71F864D8-266D-44A1-BBC0-703F58C780E2}.Release|Any CPU.ActiveCfg = Release|Any CPU
		{71F864D8-266D-44A1-BBC0-703F58C780E2}.Release|Any CPU.Build.0 = Release|Any CPU
		{55680BEF-F4B7-438B-BEAA-EC11B740F189}.Debug|Any CPU.ActiveCfg = Debug|Any CPU
		{55680BEF-F4B7-438B-BEAA-EC11B740F189}.Debug|Any CPU.Build.0 = Debug|Any CPU
		{55680BEF-F4B7-438B-BEAA-EC11B740F189}.Release|Any CPU.ActiveCfg = Release|Any CPU
		{55680BEF-F4B7-438B-BEAA-EC11B740F189}.Release|Any CPU.Build.0 = Release|Any CPU
	EndGlobalSection
	GlobalSection(SolutionProperties) = preSolution
		HideSolutionNode = FALSE
	EndGlobalSection
	GlobalSection(NestedProjects) = preSolution
		{71F864D8-266D-44A1-BBC0-703F58C780E2} = {E49EE15A-5705-4809-99DE-384A45156714}
		{55680BEF-F4B7-438B-BEAA-EC11B740F189} = {5C561706-6A3F-45D2-8698-0EA972B3BCE8}
	EndGlobalSection
EndGlobal
